
Microsoft Visual Studio Solution File, Format Version 12.00
# Visual Studio Version 17
VisualStudioVersion = 17.9.34701.34
MinimumVisualStudioVersion = 10.0.40219.1
Project("{9A19103F-16F7-4668-BE54-9A1E7A4F7556}") = "CompanyEmployees", "CompanyEmployees\CompanyEmployees.csproj", "{53C888C6-510C-4495-89A4-E2CE9BB3D7A4}"
EndProject
Project("{9A19103F-16F7-4668-BE54-9A1E7A4F7556}") = "Contracts", "Contracts\Contracts.csproj", "{555F9A35-368A-499F-BC15-8479E8374707}"
EndProject
Project("{9A19103F-16F7-4668-BE54-9A1E7A4F7556}") = "LoggerService", "LoggerService\LoggerService.csproj", "{BA55D28E-4882-49E8-85E1-466FA638D050}"
EndProject
Project("{9A19103F-16F7-4668-BE54-9A1E7A4F7556}") = "Entities", "Entities\Entities.csproj", "{CD85B13E-7D9D-4387-BF1C-FD40987D64BE}"
EndProject
Project("{9A19103F-16F7-4668-BE54-9A1E7A4F7556}") = "Repository", "Repository\Repository.csproj", "{1F43DF3B-4C22-4B07-A417-1CA81132874F}"
EndProject
Project("{FAE04EC0-301F-11D3-BF4B-00C04F79EFBC}") = "Service.Contracts", "Service.Contracts\Service.Contracts.csproj", "{43668772-C442-4AD7-85A0-A4CE1B0D314B}"
EndProject
Project("{FAE04EC0-301F-11D3-BF4B-00C04F79EFBC}") = "Service", "Service\Service.csproj", "{D26084F4-049D-4693-A8F3-B18628890200}"
EndProject
Project("{FAE04EC0-301F-11D3-BF4B-00C04F79EFBC}") = "CompanyEmployees.Presentation", "CompanyEmployees.Presentation\CompanyEmployees.Presentation.csproj", "{5F400364-ED33-48B7-BA98-5FBF8F23E45F}"
EndProject
Project("{FAE04EC0-301F-11D3-BF4B-00C04F79EFBC}") = "Shared", "Shared\Shared.csproj", "{B16423E8-6BA9-4AB4-B34F-1B1AADDD2E34}"
EndProject
Global
	GlobalSection(SolutionConfigurationPlatforms) = preSolution
		Debug|Any CPU = Debug|Any CPU
		Release|Any CPU = Release|Any CPU
	EndGlobalSection
	GlobalSection(ProjectConfigurationPlatforms) = postSolution
		{53C888C6-510C-4495-89A4-E2CE9BB3D7A4}.Debug|Any CPU.ActiveCfg = Debug|Any CPU
		{53C888C6-510C-4495-89A4-E2CE9BB3D7A4}.Debug|Any CPU.Build.0 = Debug|Any CPU
		{53C888C6-510C-4495-89A4-E2CE9BB3D7A4}.Release|Any CPU.ActiveCfg = Release|Any CPU
		{53C888C6-510C-4495-89A4-E2CE9BB3D7A4}.Release|Any CPU.Build.0 = Release|Any CPU
		{555F9A35-368A-499F-BC15-8479E8374707}.Debug|Any CPU.ActiveCfg = Debug|Any CPU
		{555F9A35-368A-499F-BC15-8479E8374707}.Debug|Any CPU.Build.0 = Debug|Any CPU
		{555F9A35-368A-499F-BC15-8479E8374707}.Release|Any CPU.ActiveCfg = Release|Any CPU
		{555F9A35-368A-499F-BC15-8479E8374707}.Release|Any CPU.Build.0 = Release|Any CPU
		{BA55D28E-4882-49E8-85E1-466FA638D050}.Debug|Any CPU.ActiveCfg = Debug|Any CPU
		{BA55D28E-4882-49E8-85E1-466FA638D050}.Debug|Any CPU.Build.0 = Debug|Any CPU
		{BA55D28E-4882-49E8-85E1-466FA638D050}.Release|Any CPU.ActiveCfg = Release|Any CPU
		{BA55D28E-4882-49E8-85E1-466FA638D050}.Release|Any CPU.Build.0 = Release|Any CPU
		{CD85B13E-7D9D-4387-BF1C-FD40987D64BE}.Debug|Any CPU.ActiveCfg = Debug|Any CPU
		{CD85B13E-7D9D-4387-BF1C-FD40987D64BE}.Debug|Any CPU.Build.0 = Debug|Any CPU
		{CD85B13E-7D9D-4387-BF1C-FD40987D64BE}.Release|Any CPU.ActiveCfg = Release|Any CPU
		{CD85B13E-7D9D-4387-BF1C-FD40987D64BE}.Release|Any CPU.Build.0 = Release|Any CPU
		{1F43DF3B-4C22-4B07-A417-1CA81132874F}.Debug|Any CPU.ActiveCfg = Debug|Any CPU
		{1F43DF3B-4C22-4B07-A417-1CA81132874F}.Debug|Any CPU.Build.0 = Debug|Any CPU
		{1F43DF3B-4C22-4B07-A417-1CA81132874F}.Release|Any CPU.ActiveCfg = Release|Any CPU
		{1F43DF3B-4C22-4B07-A417-1CA81132874F}.Release|Any CPU.Build.0 = Release|Any CPU
		{43668772-C442-4AD7-85A0-A4CE1B0D314B}.Debug|Any CPU.ActiveCfg = Debug|Any CPU
		{43668772-C442-4AD7-85A0-A4CE1B0D314B}.Debug|Any CPU.Build.0 = Debug|Any CPU
		{43668772-C442-4AD7-85A0-A4CE1B0D314B}.Release|Any CPU.ActiveCfg = Release|Any CPU
		{43668772-C442-4AD7-85A0-A4CE1B0D314B}.Release|Any CPU.Build.0 = Release|Any CPU
		{D26084F4-049D-4693-A8F3-B18628890200}.Debug|Any CPU.ActiveCfg = Debug|Any CPU
		{D26084F4-049D-4693-A8F3-B18628890200}.Debug|Any CPU.Build.0 = Debug|Any CPU
		{D26084F4-049D-4693-A8F3-B18628890200}.Release|Any CPU.ActiveCfg = Release|Any CPU
		{D26084F4-049D-4693-A8F3-B18628890200}.Release|Any CPU.Build.0 = Release|Any CPU
		{5F400364-ED33-48B7-BA98-5FBF8F23E45F}.Debug|Any CPU.ActiveCfg = Debug|Any CPU
		{5F400364-ED33-48B7-BA98-5FBF8F23E45F}.Debug|Any CPU.Build.0 = Debug|Any CPU
		{5F400364-ED33-48B7-BA98-5FBF8F23E45F}.Release|Any CPU.ActiveCfg = Release|Any CPU
		{5F400364-ED33-48B7-BA98-5FBF8F23E45F}.Release|Any CPU.Build.0 = Release|Any CPU
		{B16423E8-6BA9-4AB4-B34F-1B1AADDD2E34}.Debug|Any CPU.ActiveCfg = Debug|Any CPU
		{B16423E8-6BA9-4AB4-B34F-1B1AADDD2E34}.Debug|Any CPU.Build.0 = Debug|Any CPU
		{B16423E8-6BA9-4AB4-B34F-1B1AADDD2E34}.Release|Any CPU.ActiveCfg = Release|Any CPU
		{B16423E8-6BA9-4AB4-B34F-1B1AADDD2E34}.Release|Any CPU.Build.0 = Release|Any CPU
	EndGlobalSection
	GlobalSection(SolutionProperties) = preSolution
		HideSolutionNode = FALSE
	EndGlobalSection
	GlobalSection(ExtensibilityGlobals) = postSolution
		SolutionGuid = {009F8A69-E995-4E5F-8E07-2091F35AF689}
	EndGlobalSection
EndGlobal
